Microsoft Visual Studio Solution File, Format Version 12.00
# Visual Studio 15
VisualStudioVersion = 15.0.26730.12
MinimumVisualStudioVersion = 10.0.40219.1
Project("{8BC9CEB8-8B4A-11D0-8D11-00A0C91BC942}") = "Viz", "Viz.vcxproj", "{DC48FFD3-DA3D-4747-A873-4BE3BAAD4404}"
EndProject
Global
	GlobalSection(SolutionConfigurationPlatforms) = preSolution
		Debug|x64 = Debug|x64
		Release|x64 = Release|x64
	EndGlobalSection
	GlobalSection(ProjectConfigurationPlatforms) = postSolution
		{DC48FFD3-DA3D-4747-A873-4BE3BAAD4404}.Debug|x64.ActiveCfg = Debug|x64
		{DC48FFD3-DA3D-4747-A873-4BE3BAAD4404}.Debug|x64.Build.0 = Debug|x64
		{DC48FFD3-DA3D-4747-A873-4BE3BAAD4404}.Release|x64.ActiveCfg = Release|x64
		{DC48FFD3-DA3D-4747-A873-4BE3BAAD4404}.Release|x64.Build.0 = Release|x64
	EndGlobalSection
	GlobalSection(SolutionProperties) = preSolution
		HideSolutionNode = FALSE
	EndGlobalSection
	GlobalSection(ExtensibilityGlobals) = postSolution
		SolutionGuid = {D25F4DB3-C828-4CB5-B55C-6A849D388146}
	EndGlobalSection
EndGlobal
